
Microsoft Visual Studio Solution File, Format Version 12.00
# Visual Studio Version 16
VisualStudioVersion = 16.0.31205.134
MinimumVisualStudioVersion = 10.0.40219.1
Project("{FAE04EC0-301F-11D3-BF4B-00C04F79EFBC}") = "JEREMY_QUISPE", "JEREMY_QUISPE\JEREMY_QUISPE.csproj", "{9DAC575C-22DD-4A17-AAEA-14385A191D89}"
EndProject
Global
	GlobalSection(SolutionConfigurationPlatforms) = preSolution
		Debug|Any CPU = Debug|Any CPU
		Release|Any CPU = Release|Any CPU
	EndGlobalSection
	GlobalSection(ProjectConfigurationPlatforms) = postSolution
		{9DAC575C-22DD-4A17-AAEA-14385A191D89}.Debug|Any CPU.ActiveCfg = Debug|Any CPU
		{9DAC575C-22DD-4A17-AAEA-14385A191D89}.Debug|Any CPU.Build.0 = Debug|Any CPU
		{9DAC575C-22DD-4A17-AAEA-14385A191D89}.Release|Any CPU.ActiveCfg = Release|Any CPU
		{9DAC575C-22DD-4A17-AAEA-14385A191D89}.Release|Any CPU.Build.0 = Release|Any CPU
	EndGlobalSection
	GlobalSection(SolutionProperties) = preSolution
		HideSolutionNode = FALSE
	EndGlobalSection
	GlobalSection(ExtensibilityGlobals) = postSolution
		SolutionGuid = {A03B4F38-6695-4951-B821-3C2C999EA096}
	EndGlobalSection
EndGlobal
